
Microsoft Visual Studio Solution File, Format Version 12.00
# Visual Studio Version 17
VisualStudioVersion = 17.3.32929.385
MinimumVisualStudioVersion = 10.0.40219.1
Project("{D954291E-2A0B-460D-934E-DC6B0785DB48}") = "StipesLib", "StipesLib.shproj", "{7065D043-FE3A-4685-B0C3-F334E5E957C3}"
EndProject
Global
	GlobalSection(SolutionProperties) = preSolution
		HideSolutionNode = FALSE
	EndGlobalSection
	GlobalSection(ExtensibilityGlobals) = postSolution
		SolutionGuid = {61463384-08E1-41D3-81A9-41F1BBEC0263}
	EndGlobalSection
	GlobalSection(SharedMSBuildProjectFiles) = preSolution
		StipesLib.projitems*{7065d043-fe3a-4685-b0c3-f334e5e957c3}*SharedItemsImports = 13
	EndGlobalSection
EndGlobal
